
Microsoft Visual Studio Solution File, Format Version 12.00
# Visual Studio Version 16
VisualStudioVersion = 16.0.29613.14
MinimumVisualStudioVersion = 10.0.40219.1
Project("{FAE04EC0-301F-11D3-BF4B-00C04F79EFBC}") = "BooksApp", "BooksApp.csproj", "{08FF3339-E2E1-46DA-AD1C-9102F5779CBE}"
EndProject
Project("{FAE04EC0-301F-11D3-BF4B-00C04F79EFBC}") = "BookAppTests", "..\BookAppTests\BookAppTests.csproj", "{38F345C4-9C5B-4B36-804D-8A7C93EF914C}"
EndProject
Global
	GlobalSection(SolutionConfigurationPlatforms) = preSolution
		Debug|Any CPU = Debug|Any CPU
		Release|Any CPU = Release|Any CPU
	EndGlobalSection
	GlobalSection(ProjectConfigurationPlatforms) = postSolution
		{08FF3339-E2E1-46DA-AD1C-9102F5779CBE}.Debug|Any CPU.ActiveCfg = Debug|Any CPU
		{08FF3339-E2E1-46DA-AD1C-9102F5779CBE}.Debug|Any CPU.Build.0 = Debug|Any CPU
		{08FF3339-E2E1-46DA-AD1C-9102F5779CBE}.Release|Any CPU.ActiveCfg = Release|Any CPU
		{08FF3339-E2E1-46DA-AD1C-9102F5779CBE}.Release|Any CPU.Build.0 = Release|Any CPU
		{38F345C4-9C5B-4B36-804D-8A7C93EF914C}.Debug|Any CPU.ActiveCfg = Debug|Any CPU
		{38F345C4-9C5B-4B36-804D-8A7C93EF914C}.Debug|Any CPU.Build.0 = Debug|Any CPU
		{38F345C4-9C5B-4B36-804D-8A7C93EF914C}.Release|Any CPU.ActiveCfg = Release|Any CPU
		{38F345C4-9C5B-4B36-804D-8A7C93EF914C}.Release|Any CPU.Build.0 = Release|Any CPU
	EndGlobalSection
	GlobalSection(SolutionProperties) = preSolution
		HideSolutionNode = FALSE
	EndGlobalSection
	GlobalSection(ExtensibilityGlobals) = postSolution
		SolutionGuid = {449D65D2-6B02-483C-8BBE-30C0B1B31551}
	EndGlobalSection
EndGlobal
