
Microsoft Visual Studio Solution File, Format Version 12.00
# Visual Studio Version 16
VisualStudioVersion = 16.0.29613.14
MinimumVisualStudioVersion = 10.0.40219.1
Project("{FAE04EC0-301F-11D3-BF4B-00C04F79EFBC}") = "ArrayApp", "ArrayApp.csproj", "{DB134D18-154D-4195-87B1-5A833D51A59E}"
EndProject
Global
	GlobalSection(SolutionConfigurationPlatforms) = preSolution
		Debug|Any CPU = Debug|Any CPU
		Release|Any CPU = Release|Any CPU
	EndGlobalSection
	GlobalSection(ProjectConfigurationPlatforms) = postSolution
		{DB134D18-154D-4195-87B1-5A833D51A59E}.Debug|Any CPU.ActiveCfg = Debug|Any CPU
		{DB134D18-154D-4195-87B1-5A833D51A59E}.Debug|Any CPU.Build.0 = Debug|Any CPU
		{DB134D18-154D-4195-87B1-5A833D51A59E}.Release|Any CPU.ActiveCfg = Release|Any CPU
		{DB134D18-154D-4195-87B1-5A833D51A59E}.Release|Any CPU.Build.0 = Release|Any CPU
	EndGlobalSection
	GlobalSection(SolutionProperties) = preSolution
		HideSolutionNode = FALSE
	EndGlobalSection
	GlobalSection(ExtensibilityGlobals) = postSolution
		SolutionGuid = {30782472-F1D4-410D-A6D8-70B6FCE2DFDE}
	EndGlobalSection
EndGlobal
