
Microsoft Visual Studio Solution File, Format Version 12.00
# Visual Studio Version 16
VisualStudioVersion = 16.0.29613.14
MinimumVisualStudioVersion = 10.0.40219.1
Project("{FAE04EC0-301F-11D3-BF4B-00C04F79EFBC}") = "betweenTwoNumbers", "betweenTwoNumbers.csproj", "{526B89E5-9B0C-483C-9BED-607FD2CA8FFE}"
EndProject
Project("{FAE04EC0-301F-11D3-BF4B-00C04F79EFBC}") = "Figures", "..\Figures\Figures.csproj", "{A32C7B4E-1D8F-4734-8249-6CE618F358C1}"
EndProject
Project("{FAE04EC0-301F-11D3-BF4B-00C04F79EFBC}") = "factorial", "..\factorial\factorial.csproj", "{FF8E38CD-65A7-4759-9F93-C70F1455B3E3}"
EndProject
Global
	GlobalSection(SolutionConfigurationPlatforms) = preSolution
		Debug|Any CPU = Debug|Any CPU
		Release|Any CPU = Release|Any CPU
	EndGlobalSection
	GlobalSection(ProjectConfigurationPlatforms) = postSolution
		{526B89E5-9B0C-483C-9BED-607FD2CA8FFE}.Debug|Any CPU.ActiveCfg = Debug|Any CPU
		{526B89E5-9B0C-483C-9BED-607FD2CA8FFE}.Debug|Any CPU.Build.0 = Debug|Any CPU
		{526B89E5-9B0C-483C-9BED-607FD2CA8FFE}.Release|Any CPU.ActiveCfg = Release|Any CPU
		{526B89E5-9B0C-483C-9BED-607FD2CA8FFE}.Release|Any CPU.Build.0 = Release|Any CPU
		{A32C7B4E-1D8F-4734-8249-6CE618F358C1}.Debug|Any CPU.ActiveCfg = Debug|Any CPU
		{A32C7B4E-1D8F-4734-8249-6CE618F358C1}.Debug|Any CPU.Build.0 = Debug|Any CPU
		{A32C7B4E-1D8F-4734-8249-6CE618F358C1}.Release|Any CPU.ActiveCfg = Release|Any CPU
		{A32C7B4E-1D8F-4734-8249-6CE618F358C1}.Release|Any CPU.Build.0 = Release|Any CPU
		{FF8E38CD-65A7-4759-9F93-C70F1455B3E3}.Debug|Any CPU.ActiveCfg = Debug|Any CPU
		{FF8E38CD-65A7-4759-9F93-C70F1455B3E3}.Debug|Any CPU.Build.0 = Debug|Any CPU
		{FF8E38CD-65A7-4759-9F93-C70F1455B3E3}.Release|Any CPU.ActiveCfg = Release|Any CPU
		{FF8E38CD-65A7-4759-9F93-C70F1455B3E3}.Release|Any CPU.Build.0 = Release|Any CPU
	EndGlobalSection
	GlobalSection(SolutionProperties) = preSolution
		HideSolutionNode = FALSE
	EndGlobalSection
	GlobalSection(ExtensibilityGlobals) = postSolution
		SolutionGuid = {993A3138-829D-4383-8A0A-65FE8EEFA64D}
	EndGlobalSection
EndGlobal
