
Microsoft Visual Studio Solution File, Format Version 12.00
# Visual Studio Version 16
VisualStudioVersion = 16.0.29613.14
MinimumVisualStudioVersion = 10.0.40219.1
Project("{FAE04EC0-301F-11D3-BF4B-00C04F79EFBC}") = "DeMorganTheorem", "DeMorganTheorem.csproj", "{A6923BED-3A9E-42EA-9D8E-D16C6911457C}"
EndProject
Global
	GlobalSection(SolutionConfigurationPlatforms) = preSolution
		Debug|Any CPU = Debug|Any CPU
		Release|Any CPU = Release|Any CPU
	EndGlobalSection
	GlobalSection(ProjectConfigurationPlatforms) = postSolution
		{A6923BED-3A9E-42EA-9D8E-D16C6911457C}.Debug|Any CPU.ActiveCfg = Debug|Any CPU
		{A6923BED-3A9E-42EA-9D8E-D16C6911457C}.Debug|Any CPU.Build.0 = Debug|Any CPU
		{A6923BED-3A9E-42EA-9D8E-D16C6911457C}.Release|Any CPU.ActiveCfg = Release|Any CPU
		{A6923BED-3A9E-42EA-9D8E-D16C6911457C}.Release|Any CPU.Build.0 = Release|Any CPU
	EndGlobalSection
	GlobalSection(SolutionProperties) = preSolution
		HideSolutionNode = FALSE
	EndGlobalSection
	GlobalSection(ExtensibilityGlobals) = postSolution
		SolutionGuid = {F0E4E16F-0025-40B3-BD31-AF272AD6B66C}
	EndGlobalSection
EndGlobal
